{
  "name": "sembase",
  "lockfileVersion": 3,
  "requires": true,
  "packages": {
    "": {
      "name": "sembase",
      "workspaces": [
        "projects/*"
      ]
    },
    "node_modules/masher": {
      "resolved": "projects/masher",
      "link": true
    },
    "projects/masher": {
      "version": "0.1.0",
      "hasInstallScript": true,
      "license": "BSD-2-Clause"
    }
  }
}
